version = 1
revision = 1
requires-python = ">=3.13"

[[package]]
name = "polars"
version = "1.29.0"
source = { registry = "https://pypi.org/simple" }
sdist = { url = "https://files.pythonhosted.org/packages/0b/92/8d0e80fef779a392b1a736b554ffba62403026bad7df8a9de8b61dce018f/polars-1.29.0.tar.gz", hash = "sha256:d2acb71fce1ff0ea76db5f648abd91a7a6c460fafabce9a2e8175184efa00d02", size = 4582973 }
wheels = [
    { url = "https://files.pythonhosted.org/packages/e7/5f/b277179cfce1258fecf4ad73cf627f670be41fdf088727090f68ca9c96ff/polars-1.29.0-cp39-abi3-macosx_10_12_x86_64.whl", hash = "sha256:d053ee3217df31468caf2f5ddb9fd0f3a94fd42afdf7d9abe23d9d424adca02b", size = 34206809 },
    { url = "https://files.pythonhosted.org/packages/34/e7/634e5cb55ce8bef23ac8ad8e3834c9045f4b3cbdff1fb9e7826d864436e6/polars-1.29.0-cp39-abi3-macosx_11_0_arm64.whl", hash = "sha256:14131078e365eae5ccda3e67383cd43c0c0598d7f760bdf1cb4082566c5494ce", size = 31100055 },
    { url = "https://files.pythonhosted.org/packages/50/15/0e9072e410731980ebc567c60a0a5f02bc2183310e48704ef83682cdd54c/polars-1.29.0-cp39-abi3-manylinux_2_17_x86_64.manylinux2014_x86_64.whl", hash = "sha256:54f6902da333f99208b8d27765d580ba0299b412787c0564275912122c228e40", size = 34828438 },
    { url = "https://files.pythonhosted.org/packages/69/c0/90fcaac5c95aa225b3899698289c0424d429ef72248b593f15294f95a35e/polars-1.29.0-cp39-abi3-manylinux_2_24_aarch64.whl", hash = "sha256:7a0ac6a11088279af4d715f4b58068835f551fa5368504a53401743006115e78", size = 32073830 },
    { url = "https://files.pythonhosted.org/packages/17/ed/e5e570e22a03549a3c5397035a006b2c6343856a9fd15cccb5db39bdfa0a/polars-1.29.0-cp39-abi3-win_amd64.whl", hash = "sha256:f5aac4656e58b1e12f9481950981ef68b5b0e53dd4903bd72472efd2d09a74c8", size = 34971841 },
    { url = "https://files.pythonhosted.org/packages/45/fd/9039f609d76b3ebb13777f289502a00b52709aea5c35aed01d1090ac142f/polars-1.29.0-cp39-abi3-win_arm64.whl", hash = "sha256:0c105b07b980b77fe88c3200b015bf4695e53185385f0f244c13e2d1027c7bbf", size = 31298689 },
]

[[package]]
name = "polarstate"
version = "0.1.0"
source = { editable = "." }
dependencies = [
    { name = "polars" },
]

[package.metadata]
requires-dist = [{ name = "polars", specifier = ">=1.29.0" }]
